// !$*UTF8*$!
{
	archiveVersion = 1;
	classes = {
	};
	objectVersion = 46;
	objects = {

/* Begin PBXBuildFile section */
		2FC0D793162EBDD400387091 /* NSObject+YMOptionsAndDefaults.m in Sources */ = {isa = PBXBuildFile; fileRef = 2FC0D792162EBDD400387091 /* NSObject+YMOptionsAndDefaults.m */; };
		8B1A183716225DE400EDF2B0 /* first.png in Resources */ = {isa = PBXBuildFile; fileRef = 8B1A183016225DE400EDF2B0 /* first.png */; };
		8B1A183816225DE400EDF2B0 /* first@2x.png in Resources */ = {isa = PBXBuildFile; fileRef = 8B1A183116225DE400EDF2B0 /* first@2x.png */; };
		8B1A183916225DE400EDF2B0 /* Icon.png in Resources */ = {isa = PBXBuildFile; fileRef = 8B1A183216225DE400EDF2B0 /* Icon.png */; };
		8B1A183A16225DE400EDF2B0 /* Icon@2x.png in Resources */ = {isa = PBXBuildFile; fileRef = 8B1A183316225DE400EDF2B0 /* Icon@2x.png */; };
		8B1A183B16225DE400EDF2B0 /* second.png in Resources */ = {isa = PBXBuildFile; fileRef = 8B1A183416225DE400EDF2B0 /* second.png */; };
		8B1A183C16225DE400EDF2B0 /* second@2x.png in Resources */ = {isa = PBXBuildFile; fileRef = 8B1A183516225DE400EDF2B0 /* second@2x.png */; };
		8B1A183D16225DE400EDF2B0 /* temp.jpg in Resources */ = {isa = PBXBuildFile; fileRef = 8B1A183616225DE400EDF2B0 /* temp.jpg */; };
		8B1A184116225E5700EDF2B0 /* Default-568h@2x.png in Resources */ = {isa = PBXBuildFile; fileRef = 8B1A183E16225E5700EDF2B0 /* Default-568h@2x.png */; };
		8B1A184216225E5700EDF2B0 /* Default.png in Resources */ = {isa = PBXBuildFile; fileRef = 8B1A183F16225E5700EDF2B0 /* Default.png */; };
		8B1A184316225E5700EDF2B0 /* Default@2x.png in Resources */ = {isa = PBXBuildFile; fileRef = 8B1A184016225E5700EDF2B0 /* Default@2x.png */; };
		8B41C9731551561200413B5A /* UIKit.framework in Frameworks */ = {isa = PBXBuildFile; fileRef = 8B41C9721551561200413B5A /* UIKit.framework */; };
		8B41C9751551561200413B5A /* Foundation.framework in Frameworks */ = {isa = PBXBuildFile; fileRef = 8B41C9741551561200413B5A /* Foundation.framework */; };
		8B41C9771551561200413B5A /* CoreGraphics.framework in Frameworks */ = {isa = PBXBuildFile; fileRef = 8B41C9761551561200413B5A /* CoreGraphics.framework */; };
		8B41C97D1551561200413B5A /* InfoPlist.strings in Resources */ = {isa = PBXBuildFile; fileRef = 8B41C97B1551561200413B5A /* InfoPlist.strings */; };
		8B41C97F1551561200413B5A /* main.m in Sources */ = {isa = PBXBuildFile; fileRef = 8B41C97E1551561200413B5A /* main.m */; };
		8B41C9831551561200413B5A /* KNAppDelegate.m in Sources */ = {isa = PBXBuildFile; fileRef = 8B41C9821551561200413B5A /* KNAppDelegate.m */; };
		8B41C9861551561200413B5A /* KNFirstViewController.m in Sources */ = {isa = PBXBuildFile; fileRef = 8B41C9851551561200413B5A /* KNFirstViewController.m */; };
		8B41C98D1551561200413B5A /* KNSecondViewController.m in Sources */ = {isa = PBXBuildFile; fileRef = 8B41C98C1551561200413B5A /* KNSecondViewController.m */; };
		8B41C9941551561200413B5A /* KNFirstViewController.xib in Resources */ = {isa = PBXBuildFile; fileRef = 8B41C9921551561200413B5A /* KNFirstViewController.xib */; };
		8B41C99A1551561200413B5A /* KNSecondViewController.xib in Resources */ = {isa = PBXBuildFile; fileRef = 8B41C9981551561200413B5A /* KNSecondViewController.xib */; };
		8B41C9A61551564800413B5A /* UIViewController+KNSemiModal.m in Sources */ = {isa = PBXBuildFile; fileRef = 8B41C9A51551564800413B5A /* UIViewController+KNSemiModal.m */; };
		8B41C9A81551566400413B5A /* QuartzCore.framework in Frameworks */ = {isa = PBXBuildFile; fileRef = 8B41C9A71551566400413B5A /* QuartzCore.framework */; };
		8B41C9B215515A2E00413B5A /* KNThirdViewController.m in Sources */ = {isa = PBXBuildFile; fileRef = 8B41C9B115515A2E00413B5A /* KNThirdViewController.m */; };
		8B6A4ADE15535E5600613D80 /* KNTableDemoController.m in Sources */ = {isa = PBXBuildFile; fileRef = 8B6A4ADD15535E5600613D80 /* KNTableDemoController.m */; };
		8B8767E81552155300BA2A8E /* KNAboutViewController.m in Sources */ = {isa = PBXBuildFile; fileRef = 8B8767E61552155300BA2A8E /* KNAboutViewController.m */; };
		8B8767E91552155300BA2A8E /* KNAboutViewController.xib in Resources */ = {isa = PBXBuildFile; fileRef = 8B8767E71552155300BA2A8E /* KNAboutViewController.xib */; };
		8B9E0B541553664F00BE3A69 /* KNModalTableViewController.m in Sources */ = {isa = PBXBuildFile; fileRef = 8B9E0B531553664F00BE3A69 /* KNModalTableViewController.m */; };
		8BD1CEB1158C6C4F00F6956E /* KNThirdViewController.xib in Resources */ = {isa = PBXBuildFile; fileRef = 8BD1CEB0158C6C4F00F6956E /* KNThirdViewController.xib */; };
/* End PBXBuildFile section */

/* Begin PBXFileReference section */
		2FC0D791162EBDD400387091 /* NSObject+YMOptionsAndDefaults.h */ = {isa = PBXFileReference; fileEncoding = 4; indentWidth = 4; lastKnownFileType = sourcecode.c.h; path = "NSObject+YMOptionsAndDefaults.h"; sourceTree = "<group>"; tabWidth = 4; };
		2FC0D792162EBDD400387091 /* NSObject+YMOptionsAndDefaults.m */ = {isa = PBXFileReference; fileEncoding = 4; indentWidth = 4; lastKnownFileType = sourcecode.c.objc; path = "NSObject+YMOptionsAndDefaults.m"; sourceTree = "<group>"; tabWidth = 4; };
		8B1A183016225DE400EDF2B0 /* first.png */ = {isa = PBXFileReference; lastKnownFileType = image.png; path = first.png; sourceTree = "<group>"; };
		8B1A183116225DE400EDF2B0 /* first@2x.png */ = {isa = PBXFileReference; lastKnownFileType = image.png; path = "first@2x.png"; sourceTree = "<group>"; };
		8B1A183216225DE400EDF2B0 /* Icon.png */ = {isa = PBXFileReference; lastKnownFileType = image.png; path = Icon.png; sourceTree = "<group>"; };
		8B1A183316225DE400EDF2B0 /* Icon@2x.png */ = {isa = PBXFileReference; lastKnownFileType = image.png; path = "Icon@2x.png"; sourceTree = "<group>"; };
		8B1A183416225DE400EDF2B0 /* second.png */ = {isa = PBXFileReference; lastKnownFileType = image.png; path = second.png; sourceTree = "<group>"; };
		8B1A183516225DE400EDF2B0 /* second@2x.png */ = {isa = PBXFileReference; lastKnownFileType = image.png; path = "second@2x.png"; sourceTree = "<group>"; };
		8B1A183616225DE400EDF2B0 /* temp.jpg */ = {isa = PBXFileReference; lastKnownFileType = image.jpeg; path = temp.jpg; sourceTree = "<group>"; };
		8B1A183E16225E5700EDF2B0 /* Default-568h@2x.png */ = {isa = PBXFileReference; lastKnownFileType = image.png; path = "Default-568h@2x.png"; sourceTree = "<group>"; };
		8B1A183F16225E5700EDF2B0 /* Default.png */ = {isa = PBXFileReference; lastKnownFileType = image.png; path = Default.png; sourceTree = "<group>"; };
		8B1A184016225E5700EDF2B0 /* Default@2x.png */ = {isa = PBXFileReference; lastKnownFileType = image.png; path = "Default@2x.png"; sourceTree = "<group>"; };
		8B41C96E1551561200413B5A /* KNSemiModalViewControllerDemo.app */ = {isa = PBXFileReference; explicitFileType = wrapper.application; includeInIndex = 0; path = KNSemiModalViewControllerDemo.app; sourceTree = BUILT_PRODUCTS_DIR; };
		8B41C9721551561200413B5A /* UIKit.framework */ = {isa = PBXFileReference; lastKnownFileType = wrapper.framework; name = UIKit.framework; path = System/Library/Frameworks/UIKit.framework; sourceTree = SDKROOT; };
		8B41C9741551561200413B5A /* Foundation.framework */ = {isa = PBXFileReference; lastKnownFileType = wrapper.framework; name = Foundation.framework; path = System/Library/Frameworks/Foundation.framework; sourceTree = SDKROOT; };
		8B41C9761551561200413B5A /* CoreGraphics.framework */ = {isa = PBXFileReference; lastKnownFileType = wrapper.framework; name = CoreGraphics.framework; path = System/Library/Frameworks/CoreGraphics.framework; sourceTree = SDKROOT; };
		8B41C97A1551561200413B5A /* KNSemiModalViewControllerDemo-Info.plist */ = {isa = PBXFileReference; lastKnownFileType = text.plist.xml; path = "KNSemiModalViewControllerDemo-Info.plist"; sourceTree = "<group>"; };
		8B41C97C1551561200413B5A /* en */ = {isa = PBXFileReference; lastKnownFileType = text.plist.strings; name = en; path = en.lproj/InfoPlist.strings; sourceTree = "<group>"; };
		8B41C97E1551561200413B5A /* main.m */ = {isa = PBXFileReference; lastKnownFileType = sourcecode.c.objc; path = main.m; sourceTree = "<group>"; };
		8B41C9801551561200413B5A /* KNSemiModalViewControllerDemo-Prefix.pch */ = {isa = PBXFileReference; lastKnownFileType = sourcecode.c.h; path = "KNSemiModalViewControllerDemo-Prefix.pch"; sourceTree = "<group>"; };
		8B41C9811551561200413B5A /* KNAppDelegate.h */ = {isa = PBXFileReference; lastKnownFileType = sourcecode.c.h; path = KNAppDelegate.h; sourceTree = "<group>"; };
		8B41C9821551561200413B5A /* KNAppDelegate.m */ = {isa = PBXFileReference; lastKnownFileType = sourcecode.c.objc; path = KNAppDelegate.m; sourceTree = "<group>"; };
		8B41C9841551561200413B5A /* KNFirstViewController.h */ = {isa = PBXFileReference; lastKnownFileType = sourcecode.c.h; path = KNFirstViewController.h; sourceTree = "<group>"; };
		8B41C9851551561200413B5A /* KNFirstViewController.m */ = {isa = PBXFileReference; lastKnownFileType = sourcecode.c.objc; path = KNFirstViewController.m; sourceTree = "<group>"; };
		8B41C98B1551561200413B5A /* KNSecondViewController.h */ = {isa = PBXFileReference; lastKnownFileType = sourcecode.c.h; path = KNSecondViewController.h; sourceTree = "<group>"; };
		8B41C98C1551561200413B5A /* KNSecondViewController.m */ = {isa = PBXFileReference; lastKnownFileType = sourcecode.c.objc; path = KNSecondViewController.m; sourceTree = "<group>"; };
		8B41C9931551561200413B5A /* en */ = {isa = PBXFileReference; lastKnownFileType = file.xib; name = en; path = en.lproj/KNFirstViewController.xib; sourceTree = "<group>"; };
		8B41C9991551561200413B5A /* en */ = {isa = PBXFileReference; lastKnownFileType = file.xib; name = en; path = en.lproj/KNSecondViewController.xib; sourceTree = "<group>"; };
		8B41C9A41551564800413B5A /* UIViewController+KNSemiModal.h */ = {isa = PBXFileReference; fileEncoding = 4; indentWidth = 4; lastKnownFileType = sourcecode.c.h; path = "UIViewController+KNSemiModal.h"; sourceTree = "<group>"; tabWidth = 4; };
		8B41C9A51551564800413B5A /* UIViewController+KNSemiModal.m */ = {isa = PBXFileReference; fileEncoding = 4; indentWidth = 4; lastKnownFileType = sourcecode.c.objc; path = "UIViewController+KNSemiModal.m"; sourceTree = "<group>"; tabWidth = 4; };
		8B41C9A71551566400413B5A /* QuartzCore.framework */ = {isa = PBXFileReference; lastKnownFileType = wrapper.framework; name = QuartzCore.framework; path = System/Library/Frameworks/QuartzCore.framework; sourceTree = SDKROOT; };
		8B41C9B015515A2E00413B5A /* KNThirdViewController.h */ = {isa = PBXFileReference; fileEncoding = 4; lastKnownFileType = sourcecode.c.h; path = KNThirdViewController.h; sourceTree = "<group>"; };
		8B41C9B115515A2E00413B5A /* KNThirdViewController.m */ = {isa = PBXFileReference; fileEncoding = 4; lastKnownFileType = sourcecode.c.objc; path = KNThirdViewController.m; sourceTree = "<group>"; };
		8B6A4ADC15535E5600613D80 /* KNTableDemoController.h */ = {isa = PBXFileReference; fileEncoding = 4; lastKnownFileType = sourcecode.c.h; path = KNTableDemoController.h; sourceTree = "<group>"; };
		8B6A4ADD15535E5600613D80 /* KNTableDemoController.m */ = {isa = PBXFileReference; fileEncoding = 4; lastKnownFileType = sourcecode.c.objc; path = KNTableDemoController.m; sourceTree = "<group>"; };
		8B8767E51552155300BA2A8E /* KNAboutViewController.h */ = {isa = PBXFileReference; fileEncoding = 4; lastKnownFileType = sourcecode.c.h; path = KNAboutViewController.h; sourceTree = "<group>"; };
		8B8767E61552155300BA2A8E /* KNAboutViewController.m */ = {isa = PBXFileReference; fileEncoding = 4; lastKnownFileType = sourcecode.c.objc; path = KNAboutViewController.m; sourceTree = "<group>"; };
		8B8767E71552155300BA2A8E /* KNAboutViewController.xib */ = {isa = PBXFileReference; fileEncoding = 4; lastKnownFileType = file.xib; path = KNAboutViewController.xib; sourceTree = "<group>"; };
		8B9E0B521553664F00BE3A69 /* KNModalTableViewController.h */ = {isa = PBXFileReference; fileEncoding = 4; lastKnownFileType = sourcecode.c.h; path = KNModalTableViewController.h; sourceTree = "<group>"; };
		8B9E0B531553664F00BE3A69 /* KNModalTableViewController.m */ = {isa = PBXFileReference; fileEncoding = 4; lastKnownFileType = sourcecode.c.objc; path = KNModalTableViewController.m; sourceTree = "<group>"; };
		8BD1CEB0158C6C4F00F6956E /* KNThirdViewController.xib */ = {isa = PBXFileReference; fileEncoding = 4; lastKnownFileType = file.xib; path = KNThirdViewController.xib; sourceTree = "<group>"; };
/* End PBXFileReference section */

/* Begin PBXFrameworksBuildPhase section */
		8B41C96B1551561200413B5A /* Frameworks */ = {
			isa = PBXFrameworksBuildPhase;
			buildActionMask = 2147483647;
			files = (
				8B41C9A81551566400413B5A /* QuartzCore.framework in Frameworks */,
				8B41C9731551561200413B5A /* UIKit.framework in Frameworks */,
				8B41C9751551561200413B5A /* Foundation.framework in Frameworks */,
				8B41C9771551561200413B5A /* CoreGraphics.framework in Frameworks */,
			);
			runOnlyForDeploymentPostprocessing = 0;
		};
/* End PBXFrameworksBuildPhase section */

/* Begin PBXGroup section */
		8B1A182F16225DE400EDF2B0 /* Images */ = {
			isa = PBXGroup;
			children = (
				8B1A183016225DE400EDF2B0 /* first.png */,
				8B1A183116225DE400EDF2B0 /* first@2x.png */,
				8B1A183216225DE400EDF2B0 /* Icon.png */,
				8B1A183316225DE400EDF2B0 /* Icon@2x.png */,
				8B1A183416225DE400EDF2B0 /* second.png */,
				8B1A183516225DE400EDF2B0 /* second@2x.png */,
				8B1A183616225DE400EDF2B0 /* temp.jpg */,
				8B1A183E16225E5700EDF2B0 /* Default-568h@2x.png */,
				8B1A183F16225E5700EDF2B0 /* Default.png */,
				8B1A184016225E5700EDF2B0 /* Default@2x.png */,
			);
			path = Images;
			sourceTree = "<group>";
		};
		8B41C9631551561200413B5A = {
			isa = PBXGroup;
			children = (
				8B41C9A31551564800413B5A /* Source */,
				8B41C9781551561200413B5A /* KNSemiModalViewControllerDemo */,
				8B41C9711551561200413B5A /* Frameworks */,
				8B41C96F1551561200413B5A /* Products */,
			);
			indentWidth = 2;
			sourceTree = "<group>";
			tabWidth = 2;
		};
		8B41C96F1551561200413B5A /* Products */ = {
			isa = PBXGroup;
			children = (
				8B41C96E1551561200413B5A /* KNSemiModalViewControllerDemo.app */,
			);
			name = Products;
			sourceTree = "<group>";
		};
		8B41C9711551561200413B5A /* Frameworks */ = {
			isa = PBXGroup;
			children = (
				8B41C9A71551566400413B5A /* QuartzCore.framework */,
				8B41C9721551561200413B5A /* UIKit.framework */,
				8B41C9741551561200413B5A /* Foundation.framework */,
				8B41C9761551561200413B5A /* CoreGraphics.framework */,
			);
			name = Frameworks;
			sourceTree = "<group>";
		};
		8B41C9781551561200413B5A /* KNSemiModalViewControllerDemo */ = {
			isa = PBXGroup;
			children = (
				8B41C9811551561200413B5A /* KNAppDelegate.h */,
				8B41C9821551561200413B5A /* KNAppDelegate.m */,
				8B6A4ADB15535E0300613D80 /* About */,
				8B6A4AD815535DF800613D80 /* Demo 1 */,
				8B6A4ADA15535DFE00613D80 /* Demo 2 */,
				8B6A4ADF15535E5A00613D80 /* Demo 3 */,
				8B41C9791551561200413B5A /* Supporting Files */,
			);
			path = KNSemiModalViewControllerDemo;
			sourceTree = "<group>";
		};
		8B41C9791551561200413B5A /* Supporting Files */ = {
			isa = PBXGroup;
			children = (
				8B1A182F16225DE400EDF2B0 /* Images */,
				8B41C97A1551561200413B5A /* KNSemiModalViewControllerDemo-Info.plist */,
				8B41C97B1551561200413B5A /* InfoPlist.strings */,
				8B41C97E1551561200413B5A /* main.m */,
				8B41C9801551561200413B5A /* KNSemiModalViewControllerDemo-Prefix.pch */,
			);
			name = "Supporting Files";
			sourceTree = "<group>";
		};
		8B41C9A31551564800413B5A /* Source */ = {
			isa = PBXGroup;
			children = (
				8B41C9A41551564800413B5A /* UIViewController+KNSemiModal.h */,
				8B41C9A51551564800413B5A /* UIViewController+KNSemiModal.m */,
				2FC0D791162EBDD400387091 /* NSObject+YMOptionsAndDefaults.h */,
				2FC0D792162EBDD400387091 /* NSObject+YMOptionsAndDefaults.m */,
			);
			path = Source;
			sourceTree = "<group>";
		};
		8B6A4AD815535DF800613D80 /* Demo 1 */ = {
			isa = PBXGroup;
			children = (
				8B41C9841551561200413B5A /* KNFirstViewController.h */,
				8B41C9851551561200413B5A /* KNFirstViewController.m */,
				8B41C9921551561200413B5A /* KNFirstViewController.xib */,
			);
			name = "Demo 1";
			sourceTree = "<group>";
		};
		8B6A4ADA15535DFE00613D80 /* Demo 2 */ = {
			isa = PBXGroup;
			children = (
				8B41C98B1551561200413B5A /* KNSecondViewController.h */,
				8B41C98C1551561200413B5A /* KNSecondViewController.m */,
				8B41C9981551561200413B5A /* KNSecondViewController.xib */,
				8B41C9B015515A2E00413B5A /* KNThirdViewController.h */,
				8B41C9B115515A2E00413B5A /* KNThirdViewController.m */,
				8BD1CEB0158C6C4F00F6956E /* KNThirdViewController.xib */,
			);
			name = "Demo 2";
			sourceTree = "<group>";
		};
		8B6A4ADB15535E0300613D80 /* About */ = {
			isa = PBXGroup;
			children = (
				8B8767E71552155300BA2A8E /* KNAboutViewController.xib */,
				8B8767E51552155300BA2A8E /* KNAboutViewController.h */,
				8B8767E61552155300BA2A8E /* KNAboutViewController.m */,
			);
			name = About;
			sourceTree = "<group>";
		};
		8B6A4ADF15535E5A00613D80 /* Demo 3 */ = {
			isa = PBXGroup;
			children = (
				8B6A4ADC15535E5600613D80 /* KNTableDemoController.h */,
				8B6A4ADD15535E5600613D80 /* KNTableDemoController.m */,
				8B9E0B521553664F00BE3A69 /* KNModalTableViewController.h */,
				8B9E0B531553664F00BE3A69 /* KNModalTableViewController.m */,
			);
			name = "Demo 3";
			sourceTree = "<group>";
		};
/* End PBXGroup section */

/* Begin PBXNativeTarget section */
		8B41C96D1551561200413B5A /* KNSemiModalViewControllerDemo */ = {
			isa = PBXNativeTarget;
			buildConfigurationList = 8B41C9A01551561200413B5A /* Build configuration list for PBXNativeTarget "KNSemiModalViewControllerDemo" */;
			buildPhases = (
				8B41C96A1551561200413B5A /* Sources */,
				8B41C96B1551561200413B5A /* Frameworks */,
				8B41C96C1551561200413B5A /* Resources */,
			);
			buildRules = (
			);
			dependencies = (
			);
			name = KNSemiModalViewControllerDemo;
			productName = KNSemiModalViewControllerDemo;
			productReference = 8B41C96E1551561200413B5A /* KNSemiModalViewControllerDemo.app */;
			productType = "com.apple.product-type.application";
		};
/* End PBXNativeTarget section */

/* Begin PBXProject section */
		8B41C9651551561200413B5A /* Project object */ = {
			isa = PBXProject;
			attributes = {
				CLASSPREFIX = KN;
				LastUpgradeCheck = 0430;
			};
			buildConfigurationList = 8B41C9681551561200413B5A /* Build configuration list for PBXProject "KNSemiModalViewControllerDemo" */;
			compatibilityVersion = "Xcode 3.2";
			developmentRegion = English;
			hasScannedForEncodings = 0;
			knownRegions = (
				en,
			);
			mainGroup = 8B41C9631551561200413B5A;
			productRefGroup = 8B41C96F1551561200413B5A /* Products */;
			projectDirPath = "";
			projectRoot = "";
			targets = (
				8B41C96D1551561200413B5A /* KNSemiModalViewControllerDemo */,
			);
		};
/* End PBXProject section */

/* Begin PBXResourcesBuildPhase section */
		8B41C96C1551561200413B5A /* Resources */ = {
			isa = PBXResourcesBuildPhase;
			buildActionMask = 2147483647;
			files = (
				8B41C97D1551561200413B5A /* InfoPlist.strings in Resources */,
				8B41C9941551561200413B5A /* KNFirstViewController.xib in Resources */,
				8B41C99A1551561200413B5A /* KNSecondViewController.xib in Resources */,
				8B8767E91552155300BA2A8E /* KNAboutViewController.xib in Resources */,
				8BD1CEB1158C6C4F00F6956E /* KNThirdViewController.xib in Resources */,
				8B1A183716225DE400EDF2B0 /* first.png in Resources */,
				8B1A183816225DE400EDF2B0 /* first@2x.png in Resources */,
				8B1A183916225DE400EDF2B0 /* Icon.png in Resources */,
				8B1A183A16225DE400EDF2B0 /* Icon@2x.png in Resources */,
				8B1A183B16225DE400EDF2B0 /* second.png in Resources */,
				8B1A183C16225DE400EDF2B0 /* second@2x.png in Resources */,
				8B1A183D16225DE400EDF2B0 /* temp.jpg in Resources */,
				8B1A184116225E5700EDF2B0 /* Default-568h@2x.png in Resources */,
				8B1A184216225E5700EDF2B0 /* Default.png in Resources */,
				8B1A184316225E5700EDF2B0 /* Default@2x.png in Resources */,
			);
			runOnlyForDeploymentPostprocessing = 0;
		};
/* End PBXResourcesBuildPhase section */

/* Begin PBXSourcesBuildPhase section */
		8B41C96A1551561200413B5A /* Sources */ = {
			isa = PBXSourcesBuildPhase;
			buildActionMask = 2147483647;
			files = (
				8B41C97F1551561200413B5A /* main.m in Sources */,
				8B41C9831551561200413B5A /* KNAppDelegate.m in Sources */,
				8B41C9861551561200413B5A /* KNFirstViewController.m in Sources */,
				8B41C98D1551561200413B5A /* KNSecondViewController.m in Sources */,
				8B41C9A61551564800413B5A /* UIViewController+KNSemiModal.m in Sources */,
				8B41C9B215515A2E00413B5A /* KNThirdViewController.m in Sources */,
				8B8767E81552155300BA2A8E /* KNAboutViewController.m in Sources */,
				8B6A4ADE15535E5600613D80 /* KNTableDemoController.m in Sources */,
				8B9E0B541553664F00BE3A69 /* KNModalTableViewController.m in Sources */,
				2FC0D793162EBDD400387091 /* NSObject+YMOptionsAndDefaults.m in Sources */,
			);
			runOnlyForDeploymentPostprocessing = 0;
		};
/* End PBXSourcesBuildPhase section */

/* Begin PBXVariantGroup section */
		8B41C97B1551561200413B5A /* InfoPlist.strings */ = {
			isa = PBXVariantGroup;
			children = (
				8B41C97C1551561200413B5A /* en */,
			);
			name = InfoPlist.strings;
			sourceTree = "<group>";
		};
		8B41C9921551561200413B5A /* KNFirstViewController.xib */ = {
			isa = PBXVariantGroup;
			children = (
				8B41C9931551561200413B5A /* en */,
			);
			name = KNFirstViewController.xib;
			sourceTree = "<group>";
		};
		8B41C9981551561200413B5A /* KNSecondViewController.xib */ = {
			isa = PBXVariantGroup;
			children = (
				8B41C9991551561200413B5A /* en */,
			);
			name = KNSecondViewController.xib;
			sourceTree = "<group>";
		};
/* End PBXVariantGroup section */

/* Begin XCBuildConfiguration section */
		8B41C99E1551561200413B5A /* Debug */ = {
			isa = XCBuildConfiguration;
			buildSettings = {
				ALWAYS_SEARCH_USER_PATHS = NO;
				ARCHS = "$(ARCHS_STANDARD_32_BIT)";
				CLANG_ENABLE_OBJC_ARC = YES;
				CODE_SIGN_IDENTITY = "iPhone Developer";
				"CODE_SIGN_IDENTITY[sdk=iphoneos*]" = "iPhone Developer";
				COPY_PHASE_STRIP = NO;
				GCC_C_LANGUAGE_STANDARD = gnu99;
				GCC_DYNAMIC_NO_PIC = NO;
				GCC_OPTIMIZATION_LEVEL = 0;
				GCC_PREPROCESSOR_DEFINITIONS = (
					"DEBUG=1",
					"$(inherited)",
				);
				GCC_SYMBOLS_PRIVATE_EXTERN = NO;
				GCC_VERSION = com.apple.compilers.llvm.clang.1_0;
				GCC_WARN_ABOUT_RETURN_TYPE = YES;
				GCC_WARN_UNINITIALIZED_AUTOS = YES;
				GCC_WARN_UNUSED_VARIABLE = YES;
				IPHONEOS_DEPLOYMENT_TARGET = 5.0;
				PROVISIONING_PROFILE = "";
				"PROVISIONING_PROFILE[sdk=iphoneos*]" = "";
				SDKROOT = iphoneos;
				TARGETED_DEVICE_FAMILY = "1,2";
			};
			name = Debug;
		};
		8B41C99F1551561200413B5A /* Release */ = {
			isa = XCBuildConfiguration;
			buildSettings = {
				ALWAYS_SEARCH_USER_PATHS = NO;
				ARCHS = "$(ARCHS_STANDARD_32_BIT)";
				CLANG_ENABLE_OBJC_ARC = YES;
				CODE_SIGN_IDENTITY = "iPhone Developer";
				"CODE_SIGN_IDENTITY[sdk=iphoneos*]" = "iPhone Developer";
				COPY_PHASE_STRIP = YES;
				GCC_C_LANGUAGE_STANDARD = gnu99;
				GCC_VERSION = com.apple.compilers.llvm.clang.1_0;
				GCC_WARN_ABOUT_RETURN_TYPE = YES;
				GCC_WARN_UNINITIALIZED_AUTOS = YES;
				GCC_WARN_UNUSED_VARIABLE = YES;
				IPHONEOS_DEPLOYMENT_TARGET = 5.0;
				OTHER_CFLAGS = "-DNS_BLOCK_ASSERTIONS=1";
				PROVISIONING_PROFILE = "";
				"PROVISIONING_PROFILE[sdk=iphoneos*]" = "";
				SDKROOT = iphoneos;
				TARGETED_DEVICE_FAMILY = "1,2";
				VALIDATE_PRODUCT = YES;
			};
			name = Release;
		};
		8B41C9A11551561200413B5A /* Debug */ = {
			isa = XCBuildConfiguration;
			buildSettings = {
				GCC_PRECOMPILE_PREFIX_HEADER = YES;
				GCC_PREFIX_HEADER = "KNSemiModalViewControllerDemo/KNSemiModalViewControllerDemo-Prefix.pch";
				INFOPLIST_FILE = "KNSemiModalViewControllerDemo/KNSemiModalViewControllerDemo-Info.plist";
				IPHONEOS_DEPLOYMENT_TARGET = 5.0;
				PRODUCT_NAME = "$(TARGET_NAME)";
				TARGETED_DEVICE_FAMILY = 1;
				WRAPPER_EXTENSION = app;
			};
			name = Debug;
		};
		8B41C9A21551561200413B5A /* Release */ = {
			isa = XCBuildConfiguration;
			buildSettings = {
				GCC_PRECOMPILE_PREFIX_HEADER = YES;
				GCC_PREFIX_HEADER = "KNSemiModalViewControllerDemo/KNSemiModalViewControllerDemo-Prefix.pch";
				INFOPLIST_FILE = "KNSemiModalViewControllerDemo/KNSemiModalViewControllerDemo-Info.plist";
				IPHONEOS_DEPLOYMENT_TARGET = 5.0;
				PRODUCT_NAME = "$(TARGET_NAME)";
				TARGETED_DEVICE_FAMILY = 1;
				WRAPPER_EXTENSION = app;
			};
			name = Release;
		};
/* End XCBuildConfiguration section */

/* Begin XCConfigurationList section */
		8B41C9681551561200413B5A /* Build configuration list for PBXProject "KNSemiModalViewControllerDemo" */ = {
			isa = XCConfigurationList;
			buildConfigurations = (
				8B41C99E1551561200413B5A /* Debug */,
				8B41C99F1551561200413B5A /* Release */,
			);
			defaultConfigurationIsVisible = 0;
			defaultConfigurationName = Release;
		};
		8B41C9A01551561200413B5A /* Build configuration list for PBXNativeTarget "KNSemiModalViewControllerDemo" */ = {
			isa = XCConfigurationList;
			buildConfigurations = (
				8B41C9A11551561200413B5A /* Debug */,
				8B41C9A21551561200413B5A /* Release */,
			);
			defaultConfigurationIsVisible = 0;
			defaultConfigurationName = Release;
		};
/* End XCConfigurationList section */
	};
	rootObject = 8B41C9651551561200413B5A /* Project object */;
}
